# This file is automatically generated.
# It is not intended for manual editing.
version = 1

[[packages]]
name = "mattilsynet:cronjob"
registry = "ghcr.io"

[[packages.versions]]
requirement = "=0.0.1"
version = "0.0.1"
digest = "sha256:7ed1ffc54f37cafeede090ffa279d247ca924494e483a70a9590114c5f180ad3"

[[packages]]
name = "mattilsynet:map-kv"
registry = "ghcr.io"

[[packages.versions]]
requirement = "=0.1.0"
version = "0.1.0"
digest = "sha256:53118d195bf2dcec2c96d08eb8b214e791b145e70fbae34de771c5ef982646ae"

[[packages]]
name = "wasmcloud:component-go"
registry = "wasmcloud.com"

[[packages.versions]]
requirement = "=0.1.0"
version = "0.1.0"
digest = "sha256:de3e9af7dedd0d9e882f68f1bee533c7af9c6a1947eb40cbf1ef6163b7d41784"

[[packages]]
name = "wasmcloud:messaging"
registry = "wasmcloud.com"

[[packages.versions]]
requirement = "=0.2.0"
version = "0.2.0"
digest = "sha256:bd2182f0a304b9a54a6b363f2f655422c8c0f00a03073c0195f1614a92dfdc7b"
